
Microsoft Visual Studio Solution File, Format Version 12.00
# Visual Studio Version 17
VisualStudioVersion = 17.3.32804.467
MinimumVisualStudioVersion = 10.0.40219.1
Project("{FAE04EC0-301F-11D3-BF4B-00C04F79EFBC}") = "Blog_Sitesi", "Blog_Sitesi.csproj", "{7E5264DB-AB8C-4002-8DC8-AA4166AF32BB}"
EndProject
Global
	GlobalSection(SolutionConfigurationPlatforms) = preSolution
		Debug|Any CPU = Debug|Any CPU
		Release|Any CPU = Release|Any CPU
	EndGlobalSection
	GlobalSection(ProjectConfigurationPlatforms) = postSolution
		{7E5264DB-AB8C-4002-8DC8-AA4166AF32BB}.Debug|Any CPU.ActiveCfg = Debug|Any CPU
		{7E5264DB-AB8C-4002-8DC8-AA4166AF32BB}.Debug|Any CPU.Build.0 = Debug|Any CPU
		{7E5264DB-AB8C-4002-8DC8-AA4166AF32BB}.Release|Any CPU.ActiveCfg = Release|Any CPU
		{7E5264DB-AB8C-4002-8DC8-AA4166AF32BB}.Release|Any CPU.Build.0 = Release|Any CPU
	EndGlobalSection
	GlobalSection(SolutionProperties) = preSolution
		HideSolutionNode = FALSE
	EndGlobalSection
	GlobalSection(ExtensibilityGlobals) = postSolution
		SolutionGuid = {2CD78E8A-6420-4616-B3B5-968B6C11CCC4}
	EndGlobalSection
EndGlobal
